// !$*UTF8*$!
{
	archiveVersion = 1;
	classes = {
	};
	objectVersion = 50;
	objects = {

/* Begin PBXBuildFile section */
		7D4D60F7271B42CF00E6071D /* CoffeeOrderingAppApp.swift in Sources */ = {isa = PBXBuildFile; fileRef = 7D4D60F6271B42CF00E6071D /* CoffeeOrderingAppApp.swift */; };
		7D4D60F9271B42CF00E6071D /* ContentView.swift in Sources */ = {isa = PBXBuildFile; fileRef = 7D4D60F8271B42CF00E6071D /* ContentView.swift */; };
		7D4D60FB271B42D500E6071D /* Assets.xcassets in Resources */ = {isa = PBXBuildFile; fileRef = 7D4D60FA271B42D500E6071D /* Assets.xcassets */; };
		7D4D60FE271B42D500E6071D /* Preview Assets.xcassets in Resources */ = {isa = PBXBuildFile; fileRef = 7D4D60FD271B42D500E6071D /* Preview Assets.xcassets */; };
		7D4D6108271B434700E6071D /* Coffee.swift in Sources */ = {isa = PBXBuildFile; fileRef = 7D4D6107271B434700E6071D /* Coffee.swift */; };
		7D4D610B271B462C00E6071D /* Order.swift in Sources */ = {isa = PBXBuildFile; fileRef = 7D4D610A271B462C00E6071D /* Order.swift */; };
		7D4D610F271B483800E6071D /* CoffeeService.swift in Sources */ = {isa = PBXBuildFile; fileRef = 7D4D610E271B483800E6071D /* CoffeeService.swift */; };
		7D4D6113271B4DD500E6071D /* OrderListViewModel.swift in Sources */ = {isa = PBXBuildFile; fileRef = 7D4D6112271B4DD500E6071D /* OrderListViewModel.swift */; };
		7D4D6117271B7C7100E6071D /* OrderListView.swift in Sources */ = {isa = PBXBuildFile; fileRef = 7D4D6116271B7C7100E6071D /* OrderListView.swift */; };
		7D4D611A271C3E4900E6071D /* CreateOrderResponse.swift in Sources */ = {isa = PBXBuildFile; fileRef = 7D4D6119271C3E4900E6071D /* CreateOrderResponse.swift */; };
		7D4D611D271C411E00E6071D /* AddCoffeeViewModel.swift in Sources */ = {isa = PBXBuildFile; fileRef = 7D4D611C271C411E00E6071D /* AddCoffeeViewModel.swift */; };
		7D4D6120271C459E00E6071D /* CoffeeListViewModel.swift in Sources */ = {isa = PBXBuildFile; fileRef = 7D4D611F271C459E00E6071D /* CoffeeListViewModel.swift */; };
		7D4D6D4A271F1C9F004630F8 /* AddCoffeeOrderView.swift in Sources */ = {isa = PBXBuildFile; fileRef = 7D4D6D49271F1C9F004630F8 /* AddCoffeeOrderView.swift */; };
		7D4D6D4D271F3602004630F8 /* OrderTotalView.swift in Sources */ = {isa = PBXBuildFile; fileRef = 7D4D6D4C271F3602004630F8 /* OrderTotalView.swift */; };
		F98402CD2745443400D35DD5 /* CoffeeOrderingAppTests.swift in Sources */ = {isa = PBXBuildFile; fileRef = F98402CC2745443400D35DD5 /* CoffeeOrderingAppTests.swift */; };
		F98402D52745469700D35DD5 /* UnitTestingCoffeeView.swift in Sources */ = {isa = PBXBuildFile; fileRef = F98402D42745469700D35DD5 /* UnitTestingCoffeeView.swift */; };
		F98402D727454CE600D35DD5 /* UnitTestingCoffeeViewModel.swift in Sources */ = {isa = PBXBuildFile; fileRef = F98402D627454CE600D35DD5 /* UnitTestingCoffeeViewModel.swift */; };
		F98402D92745C7D900D35DD5 /* EscapingPractise.swift in Sources */ = {isa = PBXBuildFile; fileRef = F98402D82745C7D900D35DD5 /* EscapingPractise.swift */; };
		F98402DC27469D5300D35DD5 /* SubscriberPractise.swift in Sources */ = {isa = PBXBuildFile; fileRef = F98402DB27469D5300D35DD5 /* SubscriberPractise.swift */; };
		F98402E0274708B800D35DD5 /* NewMockDataService.swift in Sources */ = {isa = PBXBuildFile; fileRef = F98402DF274708B800D35DD5 /* NewMockDataService.swift */; };
		F98402E22747090700D35DD5 /* NewMockDataService_Tests.swift in Sources */ = {isa = PBXBuildFile; fileRef = F98402E12747090700D35DD5 /* NewMockDataService_Tests.swift */; };
/* End PBXBuildFile section */

/* Begin PBXContainerItemProxy section */
		F98402CE2745443400D35DD5 /* PBXContainerItemProxy */ = {
			isa = PBXContainerItemProxy;
			containerPortal = 7D4D60EB271B42CF00E6071D /* Project object */;
			proxyType = 1;
			remoteGlobalIDString = 7D4D60F2271B42CF00E6071D;
			remoteInfo = CoffeeOrderingApp;
		};
/* End PBXContainerItemProxy section */

/* Begin PBXFileReference section */
		7D4D60F3271B42CF00E6071D /* CoffeeOrderingApp.app */ = {isa = PBXFileReference; explicitFileType = wrapper.application; includeInIndex = 0; path = CoffeeOrderingApp.app; sourceTree = BUILT_PRODUCTS_DIR; };
		7D4D60F6271B42CF00E6071D /* CoffeeOrderingAppApp.swift */ = {isa = PBXFileReference; lastKnownFileType = sourcecode.swift; path = CoffeeOrderingAppApp.swift; sourceTree = "<group>"; };
		7D4D60F8271B42CF00E6071D /* ContentView.swift */ = {isa = PBXFileReference; lastKnownFileType = sourcecode.swift; path = ContentView.swift; sourceTree = "<group>"; };
		7D4D60FA271B42D500E6071D /* Assets.xcassets */ = {isa = PBXFileReference; lastKnownFileType = folder.assetcatalog; path = Assets.xcassets; sourceTree = "<group>"; };
		7D4D60FD271B42D500E6071D /* Preview Assets.xcassets */ = {isa = PBXFileReference; lastKnownFileType = folder.assetcatalog; path = "Preview Assets.xcassets"; sourceTree = "<group>"; };
		7D4D60FF271B42D500E6071D /* Info.plist */ = {isa = PBXFileReference; lastKnownFileType = text.plist.xml; path = Info.plist; sourceTree = "<group>"; };
		7D4D6107271B434700E6071D /* Coffee.swift */ = {isa = PBXFileReference; lastKnownFileType = sourcecode.swift; path = Coffee.swift; sourceTree = "<group>"; };
		7D4D610A271B462C00E6071D /* Order.swift */ = {isa = PBXFileReference; lastKnownFileType = sourcecode.swift; path = Order.swift; sourceTree = "<group>"; };
		7D4D610E271B483800E6071D /* CoffeeService.swift */ = {isa = PBXFileReference; lastKnownFileType = sourcecode.swift; path = CoffeeService.swift; sourceTree = "<group>"; };
		7D4D6112271B4DD500E6071D /* OrderListViewModel.swift */ = {isa = PBXFileReference; lastKnownFileType = sourcecode.swift; path = OrderListViewModel.swift; sourceTree = "<group>"; };
		7D4D6116271B7C7100E6071D /* OrderListView.swift */ = {isa = PBXFileReference; lastKnownFileType = sourcecode.swift; path = OrderListView.swift; sourceTree = "<group>"; };
		7D4D6119271C3E4900E6071D /* CreateOrderResponse.swift */ = {isa = PBXFileReference; lastKnownFileType = sourcecode.swift; path = CreateOrderResponse.swift; sourceTree = "<group>"; };
		7D4D611C271C411E00E6071D /* AddCoffeeViewModel.swift */ = {isa = PBXFileReference; lastKnownFileType = sourcecode.swift; path = AddCoffeeViewModel.swift; sourceTree = "<group>"; };
		7D4D611F271C459E00E6071D /* CoffeeListViewModel.swift */ = {isa = PBXFileReference; lastKnownFileType = sourcecode.swift; path = CoffeeListViewModel.swift; sourceTree = "<group>"; };
		7D4D6D49271F1C9F004630F8 /* AddCoffeeOrderView.swift */ = {isa = PBXFileReference; lastKnownFileType = sourcecode.swift; path = AddCoffeeOrderView.swift; sourceTree = "<group>"; };
		7D4D6D4C271F3602004630F8 /* OrderTotalView.swift */ = {isa = PBXFileReference; lastKnownFileType = sourcecode.swift; path = OrderTotalView.swift; sourceTree = "<group>"; };
		F98402CA2745443300D35DD5 /* CoffeeOrderingAppTests.xctest */ = {isa = PBXFileReference; explicitFileType = wrapper.cfbundle; includeInIndex = 0; path = CoffeeOrderingAppTests.xctest; sourceTree = BUILT_PRODUCTS_DIR; };
		F98402CC2745443400D35DD5 /* CoffeeOrderingAppTests.swift */ = {isa = PBXFileReference; lastKnownFileType = sourcecode.swift; path = CoffeeOrderingAppTests.swift; sourceTree = "<group>"; };
		F98402D42745469700D35DD5 /* UnitTestingCoffeeView.swift */ = {isa = PBXFileReference; lastKnownFileType = sourcecode.swift; path = UnitTestingCoffeeView.swift; sourceTree = "<group>"; };
		F98402D627454CE600D35DD5 /* UnitTestingCoffeeViewModel.swift */ = {isa = PBXFileReference; lastKnownFileType = sourcecode.swift; path = UnitTestingCoffeeViewModel.swift; sourceTree = "<group>"; };
		F98402D82745C7D900D35DD5 /* EscapingPractise.swift */ = {isa = PBXFileReference; lastKnownFileType = sourcecode.swift; path = EscapingPractise.swift; sourceTree = "<group>"; };
		F98402DB27469D5300D35DD5 /* SubscriberPractise.swift */ = {isa = PBXFileReference; lastKnownFileType = sourcecode.swift; path = SubscriberPractise.swift; sourceTree = "<group>"; };
		F98402DF274708B800D35DD5 /* NewMockDataService.swift */ = {isa = PBXFileReference; lastKnownFileType = sourcecode.swift; path = NewMockDataService.swift; sourceTree = "<group>"; };
		F98402E12747090700D35DD5 /* NewMockDataService_Tests.swift */ = {isa = PBXFileReference; lastKnownFileType = sourcecode.swift; path = NewMockDataService_Tests.swift; sourceTree = "<group>"; };
/* End PBXFileReference section */

/* Begin PBXFrameworksBuildPhase section */
		7D4D60F0271B42CF00E6071D /* Frameworks */ = {
			isa = PBXFrameworksBuildPhase;
			buildActionMask = 2147483647;
			files = (
			);
			runOnlyForDeploymentPostprocessing = 0;
		};
		F98402C72745443300D35DD5 /* Frameworks */ = {
			isa = PBXFrameworksBuildPhase;
			buildActionMask = 2147483647;
			files = (
			);
			runOnlyForDeploymentPostprocessing = 0;
		};
/* End PBXFrameworksBuildPhase section */

/* Begin PBXGroup section */
		7D4D60EA271B42CF00E6071D = {
			isa = PBXGroup;
			children = (
				7D4D60F5271B42CF00E6071D /* CoffeeOrderingApp */,
				F98402CB2745443300D35DD5 /* CoffeeOrderingAppTests */,
				7D4D60F4271B42CF00E6071D /* Products */,
			);
			sourceTree = "<group>";
		};
		7D4D60F4271B42CF00E6071D /* Products */ = {
			isa = PBXGroup;
			children = (
				7D4D60F3271B42CF00E6071D /* CoffeeOrderingApp.app */,
				F98402CA2745443300D35DD5 /* CoffeeOrderingAppTests.xctest */,
			);
			name = Products;
			sourceTree = "<group>";
		};
		7D4D60F5271B42CF00E6071D /* CoffeeOrderingApp */ = {
			isa = PBXGroup;
			children = (
				F98402DA27469D3D00D35DD5 /* Practise */,
				7D4D6115271B7C2C00E6071D /* Views */,
				7D4D6111271B4D8500E6071D /* View Models */,
				7D4D610D271B482400E6071D /* Services */,
				7D4D6106271B433D00E6071D /* Models */,
				F98402D32745466C00D35DD5 /* UnitTests */,
				7D4D60F6271B42CF00E6071D /* CoffeeOrderingAppApp.swift */,
				7D4D60FA271B42D500E6071D /* Assets.xcassets */,
				7D4D60FF271B42D500E6071D /* Info.plist */,
				7D4D60FC271B42D500E6071D /* Preview Content */,
			);
			path = CoffeeOrderingApp;
			sourceTree = "<group>";
		};
		7D4D60FC271B42D500E6071D /* Preview Content */ = {
			isa = PBXGroup;
			children = (
				7D4D60FD271B42D500E6071D /* Preview Assets.xcassets */,
			);
			path = "Preview Content";
			sourceTree = "<group>";
		};
		7D4D6106271B433D00E6071D /* Models */ = {
			isa = PBXGroup;
			children = (
				7D4D6107271B434700E6071D /* Coffee.swift */,
				7D4D610A271B462C00E6071D /* Order.swift */,
				7D4D6119271C3E4900E6071D /* CreateOrderResponse.swift */,
			);
			path = Models;
			sourceTree = "<group>";
		};
		7D4D610D271B482400E6071D /* Services */ = {
			isa = PBXGroup;
			children = (
				7D4D610E271B483800E6071D /* CoffeeService.swift */,
			);
			path = Services;
			sourceTree = "<group>";
		};
		7D4D6111271B4D8500E6071D /* View Models */ = {
			isa = PBXGroup;
			children = (
				7D4D6112271B4DD500E6071D /* OrderListViewModel.swift */,
				7D4D611C271C411E00E6071D /* AddCoffeeViewModel.swift */,
				7D4D611F271C459E00E6071D /* CoffeeListViewModel.swift */,
			);
			path = "View Models";
			sourceTree = "<group>";
		};
		7D4D6115271B7C2C00E6071D /* Views */ = {
			isa = PBXGroup;
			children = (
				7D4D60F8271B42CF00E6071D /* ContentView.swift */,
				7D4D6116271B7C7100E6071D /* OrderListView.swift */,
				7D4D6D49271F1C9F004630F8 /* AddCoffeeOrderView.swift */,
				7D4D6D4C271F3602004630F8 /* OrderTotalView.swift */,
			);
			path = Views;
			sourceTree = "<group>";
		};
		F98402CB2745443300D35DD5 /* CoffeeOrderingAppTests */ = {
			isa = PBXGroup;
			children = (
				F98402CC2745443400D35DD5 /* CoffeeOrderingAppTests.swift */,
				F98402E12747090700D35DD5 /* NewMockDataService_Tests.swift */,
			);
			path = CoffeeOrderingAppTests;
			sourceTree = "<group>";
		};
		F98402D32745466C00D35DD5 /* UnitTests */ = {
			isa = PBXGroup;
			children = (
				F98402D42745469700D35DD5 /* UnitTestingCoffeeView.swift */,
				F98402D627454CE600D35DD5 /* UnitTestingCoffeeViewModel.swift */,
				F98402DF274708B800D35DD5 /* NewMockDataService.swift */,
			);
			path = UnitTests;
			sourceTree = "<group>";
		};
		F98402DA27469D3D00D35DD5 /* Practise */ = {
			isa = PBXGroup;
			children = (
				F98402D82745C7D900D35DD5 /* EscapingPractise.swift */,
				F98402DB27469D5300D35DD5 /* SubscriberPractise.swift */,
			);
			path = Practise;
			sourceTree = "<group>";
		};
/* End PBXGroup section */

/* Begin PBXNativeTarget section */
		7D4D60F2271B42CF00E6071D /* CoffeeOrderingApp */ = {
			isa = PBXNativeTarget;
			buildConfigurationList = 7D4D6102271B42D500E6071D /* Build configuration list for PBXNativeTarget "CoffeeOrderingApp" */;
			buildPhases = (
				7D4D60EF271B42CF00E6071D /* Sources */,
				7D4D60F0271B42CF00E6071D /* Frameworks */,
				7D4D60F1271B42CF00E6071D /* Resources */,
			);
			buildRules = (
			);
			dependencies = (
			);
			name = CoffeeOrderingApp;
			productName = CoffeeOrderingApp;
			productReference = 7D4D60F3271B42CF00E6071D /* CoffeeOrderingApp.app */;
			productType = "com.apple.product-type.application";
		};
		F98402C92745443300D35DD5 /* CoffeeOrderingAppTests */ = {
			isa = PBXNativeTarget;
			buildConfigurationList = F98402D22745443400D35DD5 /* Build configuration list for PBXNativeTarget "CoffeeOrderingAppTests" */;
			buildPhases = (
				F98402C62745443300D35DD5 /* Sources */,
				F98402C72745443300D35DD5 /* Frameworks */,
				F98402C82745443300D35DD5 /* Resources */,
			);
			buildRules = (
			);
			dependencies = (
				F98402CF2745443400D35DD5 /* PBXTargetDependency */,
			);
			name = CoffeeOrderingAppTests;
			productName = CoffeeOrderingAppTests;
			productReference = F98402CA2745443300D35DD5 /* CoffeeOrderingAppTests.xctest */;
			productType = "com.apple.product-type.bundle.unit-test";
		};
/* End PBXNativeTarget section */

/* Begin PBXProject section */
		7D4D60EB271B42CF00E6071D /* Project object */ = {
			isa = PBXProject;
			attributes = {
				LastSwiftUpdateCheck = 1310;
				LastUpgradeCheck = 1220;
				TargetAttributes = {
					7D4D60F2271B42CF00E6071D = {
						CreatedOnToolsVersion = 12.2;
					};
					F98402C92745443300D35DD5 = {
						CreatedOnToolsVersion = 13.1;
						TestTargetID = 7D4D60F2271B42CF00E6071D;
					};
				};
			};
			buildConfigurationList = 7D4D60EE271B42CF00E6071D /* Build configuration list for PBXProject "CoffeeOrderingApp" */;
			compatibilityVersion = "Xcode 9.3";
			developmentRegion = en;
			hasScannedForEncodings = 0;
			knownRegions = (
				en,
				Base,
			);
			mainGroup = 7D4D60EA271B42CF00E6071D;
			productRefGroup = 7D4D60F4271B42CF00E6071D /* Products */;
			projectDirPath = "";
			projectRoot = "";
			targets = (
				7D4D60F2271B42CF00E6071D /* CoffeeOrderingApp */,
				F98402C92745443300D35DD5 /* CoffeeOrderingAppTests */,
			);
		};
/* End PBXProject section */

/* Begin PBXResourcesBuildPhase section */
		7D4D60F1271B42CF00E6071D /* Resources */ = {
			isa = PBXResourcesBuildPhase;
			buildActionMask = 2147483647;
			files = (
				7D4D60FE271B42D500E6071D /* Preview Assets.xcassets in Resources */,
				7D4D60FB271B42D500E6071D /* Assets.xcassets in Resources */,
			);
			runOnlyForDeploymentPostprocessing = 0;
		};
		F98402C82745443300D35DD5 /* Resources */ = {
			isa = PBXResourcesBuildPhase;
			buildActionMask = 2147483647;
			files = (
			);
			runOnlyForDeploymentPostprocessing = 0;
		};
/* End PBXResourcesBuildPhase section */

/* Begin PBXSourcesBuildPhase section */
		7D4D60EF271B42CF00E6071D /* Sources */ = {
			isa = PBXSourcesBuildPhase;
			buildActionMask = 2147483647;
			files = (
				7D4D60F9271B42CF00E6071D /* ContentView.swift in Sources */,
				7D4D6D4A271F1C9F004630F8 /* AddCoffeeOrderView.swift in Sources */,
				F98402DC27469D5300D35DD5 /* SubscriberPractise.swift in Sources */,
				7D4D60F7271B42CF00E6071D /* CoffeeOrderingAppApp.swift in Sources */,
				7D4D610B271B462C00E6071D /* Order.swift in Sources */,
				7D4D611A271C3E4900E6071D /* CreateOrderResponse.swift in Sources */,
				7D4D6120271C459E00E6071D /* CoffeeListViewModel.swift in Sources */,
				F98402D727454CE600D35DD5 /* UnitTestingCoffeeViewModel.swift in Sources */,
				7D4D6117271B7C7100E6071D /* OrderListView.swift in Sources */,
				F98402E0274708B800D35DD5 /* NewMockDataService.swift in Sources */,
				7D4D6113271B4DD500E6071D /* OrderListViewModel.swift in Sources */,
				F98402D52745469700D35DD5 /* UnitTestingCoffeeView.swift in Sources */,
				7D4D6108271B434700E6071D /* Coffee.swift in Sources */,
				7D4D610F271B483800E6071D /* CoffeeService.swift in Sources */,
				7D4D6D4D271F3602004630F8 /* OrderTotalView.swift in Sources */,
				F98402D92745C7D900D35DD5 /* EscapingPractise.swift in Sources */,
				7D4D611D271C411E00E6071D /* AddCoffeeViewModel.swift in Sources */,
			);
			runOnlyForDeploymentPostprocessing = 0;
		};
		F98402C62745443300D35DD5 /* Sources */ = {
			isa = PBXSourcesBuildPhase;
			buildActionMask = 2147483647;
			files = (
				F98402E22747090700D35DD5 /* NewMockDataService_Tests.swift in Sources */,
				F98402CD2745443400D35DD5 /* CoffeeOrderingAppTests.swift in Sources */,
			);
			runOnlyForDeploymentPostprocessing = 0;
		};
/* End PBXSourcesBuildPhase section */

/* Begin PBXTargetDependency section */
		F98402CF2745443400D35DD5 /* PBXTargetDependency */ = {
			isa = PBXTargetDependency;
			target = 7D4D60F2271B42CF00E6071D /* CoffeeOrderingApp */;
			targetProxy = F98402CE2745443400D35DD5 /* PBXContainerItemProxy */;
		};
/* End PBXTargetDependency section */

/* Begin XCBuildConfiguration section */
		7D4D6100271B42D500E6071D /* Debug */ = {
			isa = XCBuildConfiguration;
			buildSettings = {
				ALWAYS_SEARCH_USER_PATHS = NO;
				CLANG_ANALYZER_NONNULL = YES;
				CLANG_ANALYZER_NUMBER_OBJECT_CONVERSION = YES_AGGRESSIVE;
				CLANG_CXX_LANGUAGE_STANDARD = "gnu++14";
				CLANG_CXX_LIBRARY = "libc++";
				CLANG_ENABLE_MODULES = YES;
				CLANG_ENABLE_OBJC_ARC = YES;
				CLANG_ENABLE_OBJC_WEAK = YES;
				CLANG_WARN_BLOCK_CAPTURE_AUTORELEASING = YES;
				CLANG_WARN_BOOL_CONVERSION = YES;
				CLANG_WARN_COMMA = YES;
				CLANG_WARN_CONSTANT_CONVERSION = YES;
				CLANG_WARN_DEPRECATED_OBJC_IMPLEMENTATIONS = YES;
				CLANG_WARN_DIRECT_OBJC_ISA_USAGE = YES_ERROR;
				CLANG_WARN_DOCUMENTATION_COMMENTS = YES;
				CLANG_WARN_EMPTY_BODY = YES;
				CLANG_WARN_ENUM_CONVERSION = YES;
				CLANG_WARN_INFINITE_RECURSION = YES;
				CLANG_WARN_INT_CONVERSION = YES;
				CLANG_WARN_NON_LITERAL_NULL_CONVERSION = YES;
				CLANG_WARN_OBJC_IMPLICIT_RETAIN_SELF = YES;
				CLANG_WARN_OBJC_LITERAL_CONVERSION = YES;
				CLANG_WARN_OBJC_ROOT_CLASS = YES_ERROR;
				CLANG_WARN_QUOTED_INCLUDE_IN_FRAMEWORK_HEADER = YES;
				CLANG_WARN_RANGE_LOOP_ANALYSIS = YES;
				CLANG_WARN_STRICT_PROTOTYPES = YES;
				CLANG_WARN_SUSPICIOUS_MOVE = YES;
				CLANG_WARN_UNGUARDED_AVAILABILITY = YES_AGGRESSIVE;
				CLANG_WARN_UNREACHABLE_CODE = YES;
				CLANG_WARN__DUPLICATE_METHOD_MATCH = YES;
				COPY_PHASE_STRIP = NO;
				DEBUG_INFORMATION_FORMAT = dwarf;
				ENABLE_STRICT_OBJC_MSGSEND = YES;
				ENABLE_TESTABILITY = YES;
				GCC_C_LANGUAGE_STANDARD = gnu11;
				GCC_DYNAMIC_NO_PIC = NO;
				GCC_NO_COMMON_BLOCKS = YES;
				GCC_OPTIMIZATION_LEVEL = 0;
				GCC_PREPROCESSOR_DEFINITIONS = (
					"DEBUG=1",
					"$(inherited)",
				);
				GCC_WARN_64_TO_32_BIT_CONVERSION = YES;
				GCC_WARN_ABOUT_RETURN_TYPE = YES_ERROR;
				GCC_WARN_UNDECLARED_SELECTOR = YES;
				GCC_WARN_UNINITIALIZED_AUTOS = YES_AGGRESSIVE;
				GCC_WARN_UNUSED_FUNCTION = YES;
				GCC_WARN_UNUSED_VARIABLE = YES;
				IPHONEOS_DEPLOYMENT_TARGET = 14.7;
				MTL_ENABLE_DEBUG_INFO = INCLUDE_SOURCE;
				MTL_FAST_MATH = YES;
				ONLY_ACTIVE_ARCH = YES;
				SDKROOT = iphoneos;
				SWIFT_ACTIVE_COMPILATION_CONDITIONS = DEBUG;
				SWIFT_OPTIMIZATION_LEVEL = "-Onone";
			};
			name = Debug;
		};
		7D4D6101271B42D500E6071D /* Release */ = {
			isa = XCBuildConfiguration;
			buildSettings = {
				ALWAYS_SEARCH_USER_PATHS = NO;
				CLANG_ANALYZER_NONNULL = YES;
				CLANG_ANALYZER_NUMBER_OBJECT_CONVERSION = YES_AGGRESSIVE;
				CLANG_CXX_LANGUAGE_STANDARD = "gnu++14";
				CLANG_CXX_LIBRARY = "libc++";
				CLANG_ENABLE_MODULES = YES;
				CLANG_ENABLE_OBJC_ARC = YES;
				CLANG_ENABLE_OBJC_WEAK = YES;
				CLANG_WARN_BLOCK_CAPTURE_AUTORELEASING = YES;
				CLANG_WARN_BOOL_CONVERSION = YES;
				CLANG_WARN_COMMA = YES;
				CLANG_WARN_CONSTANT_CONVERSION = YES;
				CLANG_WARN_DEPRECATED_OBJC_IMPLEMENTATIONS = YES;
				CLANG_WARN_DIRECT_OBJC_ISA_USAGE = YES_ERROR;
				CLANG_WARN_DOCUMENTATION_COMMENTS = YES;
				CLANG_WARN_EMPTY_BODY = YES;
				CLANG_WARN_ENUM_CONVERSION = YES;
				CLANG_WARN_INFINITE_RECURSION = YES;
				CLANG_WARN_INT_CONVERSION = YES;
				CLANG_WARN_NON_LITERAL_NULL_CONVERSION = YES;
				CLANG_WARN_OBJC_IMPLICIT_RETAIN_SELF = YES;
				CLANG_WARN_OBJC_LITERAL_CONVERSION = YES;
				CLANG_WARN_OBJC_ROOT_CLASS = YES_ERROR;
				CLANG_WARN_QUOTED_INCLUDE_IN_FRAMEWORK_HEADER = YES;
				CLANG_WARN_RANGE_LOOP_ANALYSIS = YES;
				CLANG_WARN_STRICT_PROTOTYPES = YES;
				CLANG_WARN_SUSPICIOUS_MOVE = YES;
				CLANG_WARN_UNGUARDED_AVAILABILITY = YES_AGGRESSIVE;
				CLANG_WARN_UNREACHABLE_CODE = YES;
				CLANG_WARN__DUPLICATE_METHOD_MATCH = YES;
				COPY_PHASE_STRIP = NO;
				DEBUG_INFORMATION_FORMAT = "dwarf-with-dsym";
				ENABLE_NS_ASSERTIONS = NO;
				ENABLE_STRICT_OBJC_MSGSEND = YES;
				GCC_C_LANGUAGE_STANDARD = gnu11;
				GCC_NO_COMMON_BLOCKS = YES;
				GCC_WARN_64_TO_32_BIT_CONVERSION = YES;
				GCC_WARN_ABOUT_RETURN_TYPE = YES_ERROR;
				GCC_WARN_UNDECLARED_SELECTOR = YES;
				GCC_WARN_UNINITIALIZED_AUTOS = YES_AGGRESSIVE;
				GCC_WARN_UNUSED_FUNCTION = YES;
				GCC_WARN_UNUSED_VARIABLE = YES;
				IPHONEOS_DEPLOYMENT_TARGET = 14.7;
				MTL_ENABLE_DEBUG_INFO = NO;
				MTL_FAST_MATH = YES;
				SDKROOT = iphoneos;
				SWIFT_COMPILATION_MODE = wholemodule;
				SWIFT_OPTIMIZATION_LEVEL = "-O";
				VALIDATE_PRODUCT = YES;
			};
			name = Release;
		};
		7D4D6103271B42D500E6071D /* Debug */ = {
			isa = XCBuildConfiguration;
			buildSettings = {
				ASSETCATALOG_COMPILER_APPICON_NAME = AppIcon;
				ASSETCATALOG_COMPILER_GLOBAL_ACCENT_COLOR_NAME = AccentColor;
				CODE_SIGN_STYLE = Automatic;
				DEVELOPMENT_ASSET_PATHS = "\"CoffeeOrderingApp/Preview Content\"";
				DEVELOPMENT_TEAM = G8C873B28V;
				ENABLE_PREVIEWS = YES;
				INFOPLIST_FILE = CoffeeOrderingApp/Info.plist;
				IPHONEOS_DEPLOYMENT_TARGET = 14.7;
				LD_RUNPATH_SEARCH_PATHS = (
					"$(inherited)",
					"@executable_path/Frameworks",
				);
				PRODUCT_BUNDLE_IDENTIFIER = com.icel.CoffeeOrderingApp;
				PRODUCT_NAME = "$(TARGET_NAME)";
				SWIFT_VERSION = 5.0;
				TARGETED_DEVICE_FAMILY = "1,2";
			};
			name = Debug;
		};
		7D4D6104271B42D500E6071D /* Release */ = {
			isa = XCBuildConfiguration;
			buildSettings = {
				ASSETCATALOG_COMPILER_APPICON_NAME = AppIcon;
				ASSETCATALOG_COMPILER_GLOBAL_ACCENT_COLOR_NAME = AccentColor;
				CODE_SIGN_STYLE = Automatic;
				DEVELOPMENT_ASSET_PATHS = "\"CoffeeOrderingApp/Preview Content\"";
				DEVELOPMENT_TEAM = G8C873B28V;
				ENABLE_PREVIEWS = YES;
				INFOPLIST_FILE = CoffeeOrderingApp/Info.plist;
				IPHONEOS_DEPLOYMENT_TARGET = 14.7;
				LD_RUNPATH_SEARCH_PATHS = (
					"$(inherited)",
					"@executable_path/Frameworks",
				);
				PRODUCT_BUNDLE_IDENTIFIER = com.icel.CoffeeOrderingApp;
				PRODUCT_NAME = "$(TARGET_NAME)";
				SWIFT_VERSION = 5.0;
				TARGETED_DEVICE_FAMILY = "1,2";
			};
			name = Release;
		};
		F98402D02745443400D35DD5 /* Debug */ = {
			isa = XCBuildConfiguration;
			buildSettings = {
				BUNDLE_LOADER = "$(TEST_HOST)";
				CLANG_CXX_LANGUAGE_STANDARD = "gnu++17";
				CODE_SIGN_STYLE = Automatic;
				CURRENT_PROJECT_VERSION = 1;
				GENERATE_INFOPLIST_FILE = YES;
				IPHONEOS_DEPLOYMENT_TARGET = 15.0;
				LD_RUNPATH_SEARCH_PATHS = (
					"$(inherited)",
					"@executable_path/Frameworks",
					"@loader_path/Frameworks",
				);
				MARKETING_VERSION = 1.0;
				PRODUCT_BUNDLE_IDENTIFIER = com.icel.CoffeeOrderingAppTests;
				PRODUCT_NAME = "$(TARGET_NAME)";
				SWIFT_EMIT_LOC_STRINGS = NO;
				SWIFT_VERSION = 5.0;
				TARGETED_DEVICE_FAMILY = "1,2";
				TEST_HOST = "$(BUILT_PRODUCTS_DIR)/CoffeeOrderingApp.app/CoffeeOrderingApp";
			};
			name = Debug;
		};
		F98402D12745443400D35DD5 /* Release */ = {
			isa = XCBuildConfiguration;
			buildSettings = {
				BUNDLE_LOADER = "$(TEST_HOST)";
				CLANG_CXX_LANGUAGE_STANDARD = "gnu++17";
				CODE_SIGN_STYLE = Automatic;
				CURRENT_PROJECT_VERSION = 1;
				GENERATE_INFOPLIST_FILE = YES;
				IPHONEOS_DEPLOYMENT_TARGET = 15.0;
				LD_RUNPATH_SEARCH_PATHS = (
					"$(inherited)",
					"@executable_path/Frameworks",
					"@loader_path/Frameworks",
				);
				MARKETING_VERSION = 1.0;
				PRODUCT_BUNDLE_IDENTIFIER = com.icel.CoffeeOrderingAppTests;
				PRODUCT_NAME = "$(TARGET_NAME)";
				SWIFT_EMIT_LOC_STRINGS = NO;
				SWIFT_VERSION = 5.0;
				TARGETED_DEVICE_FAMILY = "1,2";
				TEST_HOST = "$(BUILT_PRODUCTS_DIR)/CoffeeOrderingApp.app/CoffeeOrderingApp";
			};
			name = Release;
		};
/* End XCBuildConfiguration section */

/* Begin XCConfigurationList section */
		7D4D60EE271B42CF00E6071D /* Build configuration list for PBXProject "CoffeeOrderingApp" */ = {
			isa = XCConfigurationList;
			buildConfigurations = (
				7D4D6100271B42D500E6071D /* Debug */,
				7D4D6101271B42D500E6071D /* Release */,
			);
			defaultConfigurationIsVisible = 0;
			defaultConfigurationName = Release;
		};
		7D4D6102271B42D500E6071D /* Build configuration list for PBXNativeTarget "CoffeeOrderingApp" */ = {
			isa = XCConfigurationList;
			buildConfigurations = (
				7D4D6103271B42D500E6071D /* Debug */,
				7D4D6104271B42D500E6071D /* Release */,
			);
			defaultConfigurationIsVisible = 0;
			defaultConfigurationName = Release;
		};
		F98402D22745443400D35DD5 /* Build configuration list for PBXNativeTarget "CoffeeOrderingAppTests" */ = {
			isa = XCConfigurationList;
			buildConfigurations = (
				F98402D02745443400D35DD5 /* Debug */,
				F98402D12745443400D35DD5 /* Release */,
			);
			defaultConfigurationIsVisible = 0;
			defaultConfigurationName = Release;
		};
/* End XCConfigurationList section */
	};
	rootObject = 7D4D60EB271B42CF00E6071D /* Project object */;
}
